<Solution>
  <Folder Name="/.claude/">
    <File Path=".claude/settings.local.json" />
  </Folder>
  <Folder Name="/.github/" />
  <Folder Name="/.github/workflows/">
    <File Path=".github/workflows/build-and-publish.yml" />
    <File Path=".github/workflows/build.yml" />
  </Folder>
  <Folder Name="/solution items/">
    <File Path=".editorconfig" />
    <File Path=".gitignore" />
    <File Path="CLAUDE.md" />
    <File Path="Directory.Build.props" />
    <File Path="global.json" />
    <File Path="LICENSE" />
    <File Path="nuget.config" />
    <File Path="version.json" />
  </Folder>
  <Folder Name="/src/">
    <Project Path="src/RemoteViewer.Client/RemoteViewer.Client.csproj" />
    <Project Path="src/RemoteViewer.Server/RemoteViewer.Server.csproj" />
    <Project Path="src/RemoteViewer.Shared/RemoteViewer.Shared.csproj" />
  </Folder>
  <Folder Name="/tests/">
    <Project Path="tests/RemoteViewer.Client.Tests/RemoteViewer.Client.Tests.csproj" />
    <Project Path="tests/RemoteViewer.Server.Tests/RemoteViewer.Server.Tests.csproj" />
    <Project Path="tests/RemoteViewer.Shared.Tests/RemoteViewer.Shared.Tests.csproj" />
    <Project Path="tests/RemoteViewer.IntegrationTests/RemoteViewer.IntegrationTests.csproj" />
  </Folder>
</Solution>
